
Microsoft Visual Studio Solution File, Format Version 12.00
# Visual Studio Version 16
VisualStudioVersion = 16.0.34301.259
MinimumVisualStudioVersion = 10.0.40219.1
Project("{FAE04EC0-301F-11D3-BF4B-00C04F79EFBC}") = "DBAFileServer", "DBAFileServer.csproj", "{C0BE7152-05B3-4744-A1E2-77B70352DB82}"
EndProject
Project("{54435603-DBB4-11D2-8724-00A0C9A8B90C}") = "SetupFiles", "..\SetupFiles\SetupFiles.vdproj", "{F3009A48-9CED-4E19-9CFA-B6A7BA63EDA6}"
EndProject
Global
	GlobalSection(SolutionConfigurationPlatforms) = preSolution
		Debug|Any CPU = Debug|Any CPU
		Release|Any CPU = Release|Any CPU
	EndGlobalSection
	GlobalSection(ProjectConfigurationPlatforms) = postSolution
		{C0BE7152-05B3-4744-A1E2-77B70352DB82}.Debug|Any CPU.ActiveCfg = Debug|Any CPU
		{C0BE7152-05B3-4744-A1E2-77B70352DB82}.Debug|Any CPU.Build.0 = Debug|Any CPU
		{C0BE7152-05B3-4744-A1E2-77B70352DB82}.Release|Any CPU.ActiveCfg = Release|Any CPU
		{C0BE7152-05B3-4744-A1E2-77B70352DB82}.Release|Any CPU.Build.0 = Release|Any CPU
		{F3009A48-9CED-4E19-9CFA-B6A7BA63EDA6}.Debug|Any CPU.ActiveCfg = Debug
		{F3009A48-9CED-4E19-9CFA-B6A7BA63EDA6}.Release|Any CPU.ActiveCfg = Release
	EndGlobalSection
	GlobalSection(SolutionProperties) = preSolution
		HideSolutionNode = FALSE
	EndGlobalSection
	GlobalSection(ExtensibilityGlobals) = postSolution
		SolutionGuid = {04C7F8B5-45A6-4A90-80D4-E88C3A963207}
	EndGlobalSection
EndGlobal
